
Microsoft Visual Studio Solution File, Format Version 12.00
# Visual Studio 15
Project("{FAE04EC0-301F-11D3-BF4B-00C04F79EFBC}") = "Assembly-CSharp", "Assembly-CSharp.csproj", "{96929722-4A4A-88A6-91C6-41BF2492F292}"
EndProject
Project("{FAE04EC0-301F-11D3-BF4B-00C04F79EFBC}") = "Assembly-CSharp-Editor", "Assembly-CSharp-Editor.csproj", "{833D3545-A12E-9793-9F9A-5B90A71846A4}"
EndProject
Global
	GlobalSection(SolutionConfigurationPlatforms) = preSolution
		Debug|Any CPU = Debug|Any CPU
		Release|Any CPU = Release|Any CPU
	EndGlobalSection
	GlobalSection(ProjectConfigurationPlatforms) = postSolution
		{96929722-4A4A-88A6-91C6-41BF2492F292}.Debug|Any CPU.ActiveCfg = Debug|Any CPU
		{96929722-4A4A-88A6-91C6-41BF2492F292}.Debug|Any CPU.Build.0 = Debug|Any CPU
		{96929722-4A4A-88A6-91C6-41BF2492F292}.Release|Any CPU.ActiveCfg = Release|Any CPU
		{96929722-4A4A-88A6-91C6-41BF2492F292}.Release|Any CPU.Build.0 = Release|Any CPU
		{833D3545-A12E-9793-9F9A-5B90A71846A4}.Debug|Any CPU.ActiveCfg = Debug|Any CPU
		{833D3545-A12E-9793-9F9A-5B90A71846A4}.Debug|Any CPU.Build.0 = Debug|Any CPU
		{833D3545-A12E-9793-9F9A-5B90A71846A4}.Release|Any CPU.ActiveCfg = Release|Any CPU
		{833D3545-A12E-9793-9F9A-5B90A71846A4}.Release|Any CPU.Build.0 = Release|Any CPU
	EndGlobalSection
	GlobalSection(SolutionProperties) = preSolution
		HideSolutionNode = FALSE
	EndGlobalSection
EndGlobal
