
Microsoft Visual Studio Solution File, Format Version 12.00
# Visual Studio for Mac
Project("{FAE04EC0-301F-11D3-BF4B-00C04F79EFBC}") = "Assembly-CSharp", "Assembly-CSharp.csproj", "{6DA01C91-F66B-9221-670C-200D8CA3C97C}"
EndProject
Project("{FAE04EC0-301F-11D3-BF4B-00C04F79EFBC}") = "Assembly-CSharp-Editor", "Assembly-CSharp-Editor.csproj", "{B89CCC0E-4705-8BEF-F6FD-379E0E9FC96B}"
EndProject
Global
	GlobalSection(SolutionConfigurationPlatforms) = preSolution
		Debug|Any CPU = Debug|Any CPU
		Release|Any CPU = Release|Any CPU
	EndGlobalSection
	GlobalSection(ProjectConfigurationPlatforms) = postSolution
		{6DA01C91-F66B-9221-670C-200D8CA3C97C}.Debug|Any CPU.ActiveCfg = Debug|Any CPU
		{6DA01C91-F66B-9221-670C-200D8CA3C97C}.Debug|Any CPU.Build.0 = Debug|Any CPU
		{6DA01C91-F66B-9221-670C-200D8CA3C97C}.Release|Any CPU.ActiveCfg = Release|Any CPU
		{6DA01C91-F66B-9221-670C-200D8CA3C97C}.Release|Any CPU.Build.0 = Release|Any CPU
		{B89CCC0E-4705-8BEF-F6FD-379E0E9FC96B}.Debug|Any CPU.ActiveCfg = Debug|Any CPU
		{B89CCC0E-4705-8BEF-F6FD-379E0E9FC96B}.Debug|Any CPU.Build.0 = Debug|Any CPU
		{B89CCC0E-4705-8BEF-F6FD-379E0E9FC96B}.Release|Any CPU.ActiveCfg = Release|Any CPU
		{B89CCC0E-4705-8BEF-F6FD-379E0E9FC96B}.Release|Any CPU.Build.0 = Release|Any CPU
	EndGlobalSection
	GlobalSection(SolutionProperties) = preSolution
		HideSolutionNode = FALSE
	EndGlobalSection
EndGlobal
